
Microsoft Visual Studio Solution File, Format Version 11.00
# Visual Studio 2010
# SharpDevelop 4.4
Project("{FAE04EC0-301F-11D3-BF4B-00C04F79EFBC}") = "ModalContentPresenter", "ModalContentPresenter\ModalContentPresenter.csproj", "{3B8D91C8-A240-4018-98F8-B6AA876B7B5C}"
EndProject
Project("{FAE04EC0-301F-11D3-BF4B-00C04F79EFBC}") = "ModalContentPresenterTestApp", "ModalContentPresenterTestApp\ModalContentPresenterTestApp.csproj", "{4C28D2A0-DC80-47EF-80F8-9DC18F4D94F7}"
EndProject
Global
	GlobalSection(SolutionConfigurationPlatforms) = preSolution
		Debug|Any CPU = Debug|Any CPU
		Release|Any CPU = Release|Any CPU
	EndGlobalSection
	GlobalSection(ProjectConfigurationPlatforms) = postSolution
		{3B8D91C8-A240-4018-98F8-B6AA876B7B5C}.Debug|Any CPU.Build.0 = Debug|Any CPU
		{3B8D91C8-A240-4018-98F8-B6AA876B7B5C}.Debug|Any CPU.ActiveCfg = Debug|Any CPU
		{3B8D91C8-A240-4018-98F8-B6AA876B7B5C}.Release|Any CPU.Build.0 = Release|Any CPU
		{3B8D91C8-A240-4018-98F8-B6AA876B7B5C}.Release|Any CPU.ActiveCfg = Release|Any CPU
		{4C28D2A0-DC80-47EF-80F8-9DC18F4D94F7}.Debug|Any CPU.Build.0 = Debug|Any CPU
		{4C28D2A0-DC80-47EF-80F8-9DC18F4D94F7}.Debug|Any CPU.ActiveCfg = Debug|Any CPU
		{4C28D2A0-DC80-47EF-80F8-9DC18F4D94F7}.Release|Any CPU.Build.0 = Release|Any CPU
		{4C28D2A0-DC80-47EF-80F8-9DC18F4D94F7}.Release|Any CPU.ActiveCfg = Release|Any CPU
	EndGlobalSection
EndGlobal
